// !$*UTF8*$!
{
	archiveVersion = 1;
	classes = {
	};
	objectVersion = 56;
	objects = {

/* Begin PBXBuildFile section */
		92445BB329B27730004EC463 /* AppDelegate.swift in Sources */ = {isa = PBXBuildFile; fileRef = 92445BB229B27730004EC463 /* AppDelegate.swift */; };
		92445BB529B27730004EC463 /* SceneDelegate.swift in Sources */ = {isa = PBXBuildFile; fileRef = 92445BB429B27730004EC463 /* SceneDelegate.swift */; };
		92445BB729B27730004EC463 /* ViewController.swift in Sources */ = {isa = PBXBuildFile; fileRef = 92445BB629B27730004EC463 /* ViewController.swift */; };
		92445BBC29B27731004EC463 /* Assets.xcassets in Resources */ = {isa = PBXBuildFile; fileRef = 92445BBB29B27731004EC463 /* Assets.xcassets */; };
		92445BBF29B27731004EC463 /* LaunchScreen.storyboard in Resources */ = {isa = PBXBuildFile; fileRef = 92445BBD29B27731004EC463 /* LaunchScreen.storyboard */; };
		92445BC729B2792B004EC463 /* CollectionViewCell.swift in Sources */ = {isa = PBXBuildFile; fileRef = 92445BC629B2792B004EC463 /* CollectionViewCell.swift */; };
		92445BC929B27C36004EC463 /* UIView+Extensions.swift in Sources */ = {isa = PBXBuildFile; fileRef = 92445BC829B27C36004EC463 /* UIView+Extensions.swift */; };
		92C8D04E29ED1E5B006606B1 /* Model.xcdatamodeld in Sources */ = {isa = PBXBuildFile; fileRef = 92C8D04C29ED1E5B006606B1 /* Model.xcdatamodeld */; };
		92C8D05129ED4F30006606B1 /* EmojiMixFactory.swift in Sources */ = {isa = PBXBuildFile; fileRef = 92C8D05029ED4F30006606B1 /* EmojiMixFactory.swift */; };
		92C8D05429ED4FB7006606B1 /* EmojiMix.swift in Sources */ = {isa = PBXBuildFile; fileRef = 92C8D05329ED4FB7006606B1 /* EmojiMix.swift */; };
		92C8D05629ED5098006606B1 /* UIColorMarshalling.swift in Sources */ = {isa = PBXBuildFile; fileRef = 92C8D05529ED5098006606B1 /* UIColorMarshalling.swift */; };
		92C8D05A29ED5F1C006606B1 /* EmojiMixStore.swift in Sources */ = {isa = PBXBuildFile; fileRef = 92C8D05929ED5F1C006606B1 /* EmojiMixStore.swift */; };
		92C8D05C29EF2078006606B1 /* EmojiMixStoreDelegate.swift in Sources */ = {isa = PBXBuildFile; fileRef = 92C8D05B29EF2078006606B1 /* EmojiMixStoreDelegate.swift */; };
		92C8D05E29EFC22F006606B1 /* EmojiMixStoreProtocol.swift in Sources */ = {isa = PBXBuildFile; fileRef = 92C8D05D29EFC22F006606B1 /* EmojiMixStoreProtocol.swift */; };
/* End PBXBuildFile section */

/* Begin PBXFileReference section */
		92445BAF29B27730004EC463 /* EmojiMixer.app */ = {isa = PBXFileReference; explicitFileType = wrapper.application; includeInIndex = 0; path = EmojiMixer.app; sourceTree = BUILT_PRODUCTS_DIR; };
		92445BB229B27730004EC463 /* AppDelegate.swift */ = {isa = PBXFileReference; lastKnownFileType = sourcecode.swift; path = AppDelegate.swift; sourceTree = "<group>"; };
		92445BB429B27730004EC463 /* SceneDelegate.swift */ = {isa = PBXFileReference; lastKnownFileType = sourcecode.swift; path = SceneDelegate.swift; sourceTree = "<group>"; };
		92445BB629B27730004EC463 /* ViewController.swift */ = {isa = PBXFileReference; lastKnownFileType = sourcecode.swift; path = ViewController.swift; sourceTree = "<group>"; };
		92445BBB29B27731004EC463 /* Assets.xcassets */ = {isa = PBXFileReference; lastKnownFileType = folder.assetcatalog; path = Assets.xcassets; sourceTree = "<group>"; };
		92445BBE29B27731004EC463 /* Base */ = {isa = PBXFileReference; lastKnownFileType = file.storyboard; name = Base; path = Base.lproj/LaunchScreen.storyboard; sourceTree = "<group>"; };
		92445BC029B27731004EC463 /* Info.plist */ = {isa = PBXFileReference; lastKnownFileType = text.plist.xml; path = Info.plist; sourceTree = "<group>"; };
		92445BC629B2792B004EC463 /* CollectionViewCell.swift */ = {isa = PBXFileReference; lastKnownFileType = sourcecode.swift; path = CollectionViewCell.swift; sourceTree = "<group>"; };
		92445BC829B27C36004EC463 /* UIView+Extensions.swift */ = {isa = PBXFileReference; lastKnownFileType = sourcecode.swift; path = "UIView+Extensions.swift"; sourceTree = "<group>"; };
		92C8D04D29ED1E5B006606B1 /* Model.xcdatamodel */ = {isa = PBXFileReference; lastKnownFileType = wrapper.xcdatamodel; path = Model.xcdatamodel; sourceTree = "<group>"; };
		92C8D05029ED4F30006606B1 /* EmojiMixFactory.swift */ = {isa = PBXFileReference; lastKnownFileType = sourcecode.swift; path = EmojiMixFactory.swift; sourceTree = "<group>"; };
		92C8D05329ED4FB7006606B1 /* EmojiMix.swift */ = {isa = PBXFileReference; lastKnownFileType = sourcecode.swift; path = EmojiMix.swift; sourceTree = "<group>"; };
		92C8D05529ED5098006606B1 /* UIColorMarshalling.swift */ = {isa = PBXFileReference; lastKnownFileType = sourcecode.swift; path = UIColorMarshalling.swift; sourceTree = "<group>"; };
		92C8D05929ED5F1C006606B1 /* EmojiMixStore.swift */ = {isa = PBXFileReference; lastKnownFileType = sourcecode.swift; path = EmojiMixStore.swift; sourceTree = "<group>"; };
		92C8D05B29EF2078006606B1 /* EmojiMixStoreDelegate.swift */ = {isa = PBXFileReference; lastKnownFileType = sourcecode.swift; path = EmojiMixStoreDelegate.swift; sourceTree = "<group>"; };
		92C8D05D29EFC22F006606B1 /* EmojiMixStoreProtocol.swift */ = {isa = PBXFileReference; lastKnownFileType = sourcecode.swift; path = EmojiMixStoreProtocol.swift; sourceTree = "<group>"; };
/* End PBXFileReference section */

/* Begin PBXFrameworksBuildPhase section */
		92445BAC29B27730004EC463 /* Frameworks */ = {
			isa = PBXFrameworksBuildPhase;
			buildActionMask = 2147483647;
			files = (
			);
			runOnlyForDeploymentPostprocessing = 0;
		};
/* End PBXFrameworksBuildPhase section */

/* Begin PBXGroup section */
		92445BA629B27730004EC463 = {
			isa = PBXGroup;
			children = (
				92445BB129B27730004EC463 /* EmojiMixer */,
				92445BB029B27730004EC463 /* Products */,
			);
			sourceTree = "<group>";
		};
		92445BB029B27730004EC463 /* Products */ = {
			isa = PBXGroup;
			children = (
				92445BAF29B27730004EC463 /* EmojiMixer.app */,
			);
			name = Products;
			sourceTree = "<group>";
		};
		92445BB129B27730004EC463 /* EmojiMixer */ = {
			isa = PBXGroup;
			children = (
				92445BB229B27730004EC463 /* AppDelegate.swift */,
				92445BB429B27730004EC463 /* SceneDelegate.swift */,
				92445BB629B27730004EC463 /* ViewController.swift */,
				92445BC629B2792B004EC463 /* CollectionViewCell.swift */,
				92C8D05729ED509C006606B1 /* Services */,
				92C8D05229ED4F9B006606B1 /* Models */,
				92C8D05829ED50B5006606B1 /* Helpers */,
				92C8D04F29ED1F99006606B1 /* CoreData */,
				92445BBB29B27731004EC463 /* Assets.xcassets */,
				92445BBD29B27731004EC463 /* LaunchScreen.storyboard */,
				92445BC029B27731004EC463 /* Info.plist */,
			);
			path = EmojiMixer;
			sourceTree = "<group>";
		};
		92C8D04F29ED1F99006606B1 /* CoreData */ = {
			isa = PBXGroup;
			children = (
				92C8D04C29ED1E5B006606B1 /* Model.xcdatamodeld */,
			);
			path = CoreData;
			sourceTree = "<group>";
		};
		92C8D05229ED4F9B006606B1 /* Models */ = {
			isa = PBXGroup;
			children = (
				92C8D05329ED4FB7006606B1 /* EmojiMix.swift */,
			);
			path = Models;
			sourceTree = "<group>";
		};
		92C8D05729ED509C006606B1 /* Services */ = {
			isa = PBXGroup;
			children = (
				92C8D05029ED4F30006606B1 /* EmojiMixFactory.swift */,
				92C8D05929ED5F1C006606B1 /* EmojiMixStore.swift */,
				92C8D05B29EF2078006606B1 /* EmojiMixStoreDelegate.swift */,
				92C8D05D29EFC22F006606B1 /* EmojiMixStoreProtocol.swift */,
			);
			path = Services;
			sourceTree = "<group>";
		};
		92C8D05829ED50B5006606B1 /* Helpers */ = {
			isa = PBXGroup;
			children = (
				92445BC829B27C36004EC463 /* UIView+Extensions.swift */,
				92C8D05529ED5098006606B1 /* UIColorMarshalling.swift */,
			);
			path = Helpers;
			sourceTree = "<group>";
		};
/* End PBXGroup section */

/* Begin PBXNativeTarget section */
		92445BAE29B27730004EC463 /* EmojiMixer */ = {
			isa = PBXNativeTarget;
			buildConfigurationList = 92445BC329B27731004EC463 /* Build configuration list for PBXNativeTarget "EmojiMixer" */;
			buildPhases = (
				92445BAB29B27730004EC463 /* Sources */,
				92445BAC29B27730004EC463 /* Frameworks */,
				92445BAD29B27730004EC463 /* Resources */,
			);
			buildRules = (
			);
			dependencies = (
			);
			name = EmojiMixer;
			productName = EmojiMixer;
			productReference = 92445BAF29B27730004EC463 /* EmojiMixer.app */;
			productType = "com.apple.product-type.application";
		};
/* End PBXNativeTarget section */

/* Begin PBXProject section */
		92445BA729B27730004EC463 /* Project object */ = {
			isa = PBXProject;
			attributes = {
				BuildIndependentTargetsInParallel = 1;
				LastSwiftUpdateCheck = 1420;
				LastUpgradeCheck = 1420;
				TargetAttributes = {
					92445BAE29B27730004EC463 = {
						CreatedOnToolsVersion = 14.2;
					};
				};
			};
			buildConfigurationList = 92445BAA29B27730004EC463 /* Build configuration list for PBXProject "EmojiMixer" */;
			compatibilityVersion = "Xcode 14.0";
			developmentRegion = en;
			hasScannedForEncodings = 0;
			knownRegions = (
				en,
				Base,
			);
			mainGroup = 92445BA629B27730004EC463;
			productRefGroup = 92445BB029B27730004EC463 /* Products */;
			projectDirPath = "";
			projectRoot = "";
			targets = (
				92445BAE29B27730004EC463 /* EmojiMixer */,
			);
		};
/* End PBXProject section */

/* Begin PBXResourcesBuildPhase section */
		92445BAD29B27730004EC463 /* Resources */ = {
			isa = PBXResourcesBuildPhase;
			buildActionMask = 2147483647;
			files = (
				92445BBF29B27731004EC463 /* LaunchScreen.storyboard in Resources */,
				92445BBC29B27731004EC463 /* Assets.xcassets in Resources */,
			);
			runOnlyForDeploymentPostprocessing = 0;
		};
/* End PBXResourcesBuildPhase section */

/* Begin PBXSourcesBuildPhase section */
		92445BAB29B27730004EC463 /* Sources */ = {
			isa = PBXSourcesBuildPhase;
			buildActionMask = 2147483647;
			files = (
				92445BB729B27730004EC463 /* ViewController.swift in Sources */,
				92445BB329B27730004EC463 /* AppDelegate.swift in Sources */,
				92445BC929B27C36004EC463 /* UIView+Extensions.swift in Sources */,
				92C8D05429ED4FB7006606B1 /* EmojiMix.swift in Sources */,
				92445BC729B2792B004EC463 /* CollectionViewCell.swift in Sources */,
				92C8D05129ED4F30006606B1 /* EmojiMixFactory.swift in Sources */,
				92445BB529B27730004EC463 /* SceneDelegate.swift in Sources */,
				92C8D05E29EFC22F006606B1 /* EmojiMixStoreProtocol.swift in Sources */,
				92C8D05A29ED5F1C006606B1 /* EmojiMixStore.swift in Sources */,
				92C8D05629ED5098006606B1 /* UIColorMarshalling.swift in Sources */,
				92C8D05C29EF2078006606B1 /* EmojiMixStoreDelegate.swift in Sources */,
				92C8D04E29ED1E5B006606B1 /* Model.xcdatamodeld in Sources */,
			);
			runOnlyForDeploymentPostprocessing = 0;
		};
/* End PBXSourcesBuildPhase section */

/* Begin PBXVariantGroup section */
		92445BBD29B27731004EC463 /* LaunchScreen.storyboard */ = {
			isa = PBXVariantGroup;
			children = (
				92445BBE29B27731004EC463 /* Base */,
			);
			name = LaunchScreen.storyboard;
			sourceTree = "<group>";
		};
/* End PBXVariantGroup section */

/* Begin XCBuildConfiguration section */
		92445BC129B27731004EC463 /* Debug */ = {
			isa = XCBuildConfiguration;
			buildSettings = {
				ALWAYS_SEARCH_USER_PATHS = NO;
				CLANG_ANALYZER_NONNULL = YES;
				CLANG_ANALYZER_NUMBER_OBJECT_CONVERSION = YES_AGGRESSIVE;
				CLANG_CXX_LANGUAGE_STANDARD = "gnu++20";
				CLANG_ENABLE_MODULES = YES;
				CLANG_ENABLE_OBJC_ARC = YES;
				CLANG_ENABLE_OBJC_WEAK = YES;
				CLANG_WARN_BLOCK_CAPTURE_AUTORELEASING = YES;
				CLANG_WARN_BOOL_CONVERSION = YES;
				CLANG_WARN_COMMA = YES;
				CLANG_WARN_CONSTANT_CONVERSION = YES;
				CLANG_WARN_DEPRECATED_OBJC_IMPLEMENTATIONS = YES;
				CLANG_WARN_DIRECT_OBJC_ISA_USAGE = YES_ERROR;
				CLANG_WARN_DOCUMENTATION_COMMENTS = YES;
				CLANG_WARN_EMPTY_BODY = YES;
				CLANG_WARN_ENUM_CONVERSION = YES;
				CLANG_WARN_INFINITE_RECURSION = YES;
				CLANG_WARN_INT_CONVERSION = YES;
				CLANG_WARN_NON_LITERAL_NULL_CONVERSION = YES;
				CLANG_WARN_OBJC_IMPLICIT_RETAIN_SELF = YES;
				CLANG_WARN_OBJC_LITERAL_CONVERSION = YES;
				CLANG_WARN_OBJC_ROOT_CLASS = YES_ERROR;
				CLANG_WARN_QUOTED_INCLUDE_IN_FRAMEWORK_HEADER = YES;
				CLANG_WARN_RANGE_LOOP_ANALYSIS = YES;
				CLANG_WARN_STRICT_PROTOTYPES = YES;
				CLANG_WARN_SUSPICIOUS_MOVE = YES;
				CLANG_WARN_UNGUARDED_AVAILABILITY = YES_AGGRESSIVE;
				CLANG_WARN_UNREACHABLE_CODE = YES;
				CLANG_WARN__DUPLICATE_METHOD_MATCH = YES;
				COPY_PHASE_STRIP = NO;
				DEBUG_INFORMATION_FORMAT = dwarf;
				ENABLE_STRICT_OBJC_MSGSEND = YES;
				ENABLE_TESTABILITY = YES;
				GCC_C_LANGUAGE_STANDARD = gnu11;
				GCC_DYNAMIC_NO_PIC = NO;
				GCC_NO_COMMON_BLOCKS = YES;
				GCC_OPTIMIZATION_LEVEL = 0;
				GCC_PREPROCESSOR_DEFINITIONS = (
					"DEBUG=1",
					"$(inherited)",
				);
				GCC_WARN_64_TO_32_BIT_CONVERSION = YES;
				GCC_WARN_ABOUT_RETURN_TYPE = YES_ERROR;
				GCC_WARN_UNDECLARED_SELECTOR = YES;
				GCC_WARN_UNINITIALIZED_AUTOS = YES_AGGRESSIVE;
				GCC_WARN_UNUSED_FUNCTION = YES;
				GCC_WARN_UNUSED_VARIABLE = YES;
				IPHONEOS_DEPLOYMENT_TARGET = 16.2;
				MTL_ENABLE_DEBUG_INFO = INCLUDE_SOURCE;
				MTL_FAST_MATH = YES;
				ONLY_ACTIVE_ARCH = YES;
				SDKROOT = iphoneos;
				SWIFT_ACTIVE_COMPILATION_CONDITIONS = DEBUG;
				SWIFT_OPTIMIZATION_LEVEL = "-Onone";
			};
			name = Debug;
		};
		92445BC229B27731004EC463 /* Release */ = {
			isa = XCBuildConfiguration;
			buildSettings = {
				ALWAYS_SEARCH_USER_PATHS = NO;
				CLANG_ANALYZER_NONNULL = YES;
				CLANG_ANALYZER_NUMBER_OBJECT_CONVERSION = YES_AGGRESSIVE;
				CLANG_CXX_LANGUAGE_STANDARD = "gnu++20";
				CLANG_ENABLE_MODULES = YES;
				CLANG_ENABLE_OBJC_ARC = YES;
				CLANG_ENABLE_OBJC_WEAK = YES;
				CLANG_WARN_BLOCK_CAPTURE_AUTORELEASING = YES;
				CLANG_WARN_BOOL_CONVERSION = YES;
				CLANG_WARN_COMMA = YES;
				CLANG_WARN_CONSTANT_CONVERSION = YES;
				CLANG_WARN_DEPRECATED_OBJC_IMPLEMENTATIONS = YES;
				CLANG_WARN_DIRECT_OBJC_ISA_USAGE = YES_ERROR;
				CLANG_WARN_DOCUMENTATION_COMMENTS = YES;
				CLANG_WARN_EMPTY_BODY = YES;
				CLANG_WARN_ENUM_CONVERSION = YES;
				CLANG_WARN_INFINITE_RECURSION = YES;
				CLANG_WARN_INT_CONVERSION = YES;
				CLANG_WARN_NON_LITERAL_NULL_CONVERSION = YES;
				CLANG_WARN_OBJC_IMPLICIT_RETAIN_SELF = YES;
				CLANG_WARN_OBJC_LITERAL_CONVERSION = YES;
				CLANG_WARN_OBJC_ROOT_CLASS = YES_ERROR;
				CLANG_WARN_QUOTED_INCLUDE_IN_FRAMEWORK_HEADER = YES;
				CLANG_WARN_RANGE_LOOP_ANALYSIS = YES;
				CLANG_WARN_STRICT_PROTOTYPES = YES;
				CLANG_WARN_SUSPICIOUS_MOVE = YES;
				CLANG_WARN_UNGUARDED_AVAILABILITY = YES_AGGRESSIVE;
				CLANG_WARN_UNREACHABLE_CODE = YES;
				CLANG_WARN__DUPLICATE_METHOD_MATCH = YES;
				COPY_PHASE_STRIP = NO;
				DEBUG_INFORMATION_FORMAT = "dwarf-with-dsym";
				ENABLE_NS_ASSERTIONS = NO;
				ENABLE_STRICT_OBJC_MSGSEND = YES;
				GCC_C_LANGUAGE_STANDARD = gnu11;
				GCC_NO_COMMON_BLOCKS = YES;
				GCC_WARN_64_TO_32_BIT_CONVERSION = YES;
				GCC_WARN_ABOUT_RETURN_TYPE = YES_ERROR;
				GCC_WARN_UNDECLARED_SELECTOR = YES;
				GCC_WARN_UNINITIALIZED_AUTOS = YES_AGGRESSIVE;
				GCC_WARN_UNUSED_FUNCTION = YES;
				GCC_WARN_UNUSED_VARIABLE = YES;
				IPHONEOS_DEPLOYMENT_TARGET = 16.2;
				MTL_ENABLE_DEBUG_INFO = NO;
				MTL_FAST_MATH = YES;
				SDKROOT = iphoneos;
				SWIFT_COMPILATION_MODE = wholemodule;
				SWIFT_OPTIMIZATION_LEVEL = "-O";
				VALIDATE_PRODUCT = YES;
			};
			name = Release;
		};
		92445BC429B27731004EC463 /* Debug */ = {
			isa = XCBuildConfiguration;
			buildSettings = {
				ASSETCATALOG_COMPILER_APPICON_NAME = AppIcon;
				ASSETCATALOG_COMPILER_GLOBAL_ACCENT_COLOR_NAME = AccentColor;
				CODE_SIGN_STYLE = Automatic;
				CURRENT_PROJECT_VERSION = 1;
				DEVELOPMENT_TEAM = JL5AZQCU9T;
				GENERATE_INFOPLIST_FILE = YES;
				INFOPLIST_FILE = EmojiMixer/Info.plist;
				INFOPLIST_KEY_UIApplicationSupportsIndirectInputEvents = YES;
				INFOPLIST_KEY_UILaunchStoryboardName = LaunchScreen;
				INFOPLIST_KEY_UISupportedInterfaceOrientations_iPad = UIInterfaceOrientationPortrait;
				LD_RUNPATH_SEARCH_PATHS = (
					"$(inherited)",
					"@executable_path/Frameworks",
				);
				MARKETING_VERSION = 1.0;
				PRODUCT_BUNDLE_IDENTIFIER = dev.demidengo.EmojiMixer;
				PRODUCT_NAME = "$(TARGET_NAME)";
				SUPPORTED_PLATFORMS = "iphoneos iphonesimulator";
				SUPPORTS_MACCATALYST = NO;
				SUPPORTS_MAC_DESIGNED_FOR_IPHONE_IPAD = NO;
				SWIFT_EMIT_LOC_STRINGS = YES;
				SWIFT_VERSION = 5.0;
				TARGETED_DEVICE_FAMILY = 1;
			};
			name = Debug;
		};
		92445BC529B27731004EC463 /* Release */ = {
			isa = XCBuildConfiguration;
			buildSettings = {
				ASSETCATALOG_COMPILER_APPICON_NAME = AppIcon;
				ASSETCATALOG_COMPILER_GLOBAL_ACCENT_COLOR_NAME = AccentColor;
				CODE_SIGN_STYLE = Automatic;
				CURRENT_PROJECT_VERSION = 1;
				DEVELOPMENT_TEAM = JL5AZQCU9T;
				GENERATE_INFOPLIST_FILE = YES;
				INFOPLIST_FILE = EmojiMixer/Info.plist;
				INFOPLIST_KEY_UIApplicationSupportsIndirectInputEvents = YES;
				INFOPLIST_KEY_UILaunchStoryboardName = LaunchScreen;
				INFOPLIST_KEY_UISupportedInterfaceOrientations_iPad = UIInterfaceOrientationPortrait;
				LD_RUNPATH_SEARCH_PATHS = (
					"$(inherited)",
					"@executable_path/Frameworks",
				);
				MARKETING_VERSION = 1.0;
				PRODUCT_BUNDLE_IDENTIFIER = dev.demidengo.EmojiMixer;
				PRODUCT_NAME = "$(TARGET_NAME)";
				SUPPORTED_PLATFORMS = "iphoneos iphonesimulator";
				SUPPORTS_MACCATALYST = NO;
				SUPPORTS_MAC_DESIGNED_FOR_IPHONE_IPAD = NO;
				SWIFT_EMIT_LOC_STRINGS = YES;
				SWIFT_VERSION = 5.0;
				TARGETED_DEVICE_FAMILY = 1;
			};
			name = Release;
		};
/* End XCBuildConfiguration section */

/* Begin XCConfigurationList section */
		92445BAA29B27730004EC463 /* Build configuration list for PBXProject "EmojiMixer" */ = {
			isa = XCConfigurationList;
			buildConfigurations = (
				92445BC129B27731004EC463 /* Debug */,
				92445BC229B27731004EC463 /* Release */,
			);
			defaultConfigurationIsVisible = 0;
			defaultConfigurationName = Release;
		};
		92445BC329B27731004EC463 /* Build configuration list for PBXNativeTarget "EmojiMixer" */ = {
			isa = XCConfigurationList;
			buildConfigurations = (
				92445BC429B27731004EC463 /* Debug */,
				92445BC529B27731004EC463 /* Release */,
			);
			defaultConfigurationIsVisible = 0;
			defaultConfigurationName = Release;
		};
/* End XCConfigurationList section */

/* Begin XCVersionGroup section */
		92C8D04C29ED1E5B006606B1 /* Model.xcdatamodeld */ = {
			isa = XCVersionGroup;
			children = (
				92C8D04D29ED1E5B006606B1 /* Model.xcdatamodel */,
			);
			currentVersion = 92C8D04D29ED1E5B006606B1 /* Model.xcdatamodel */;
			path = Model.xcdatamodeld;
			sourceTree = "<group>";
			versionGroupType = wrapper.xcdatamodel;
		};
/* End XCVersionGroup section */
	};
	rootObject = 92445BA729B27730004EC463 /* Project object */;
}
